// !$*UTF8*$!
{
	archiveVersion = 1;
	classes = {
	};
	objectVersion = 55;
	objects = {

/* Begin PBXBuildFile section */
		860C726A2839755000AC667E /* hackerNews_iOSBootcampApp.swift in Sources */ = {isa = PBXBuildFile; fileRef = 860C72692839755000AC667E /* hackerNews_iOSBootcampApp.swift */; };
		860C726C2839755000AC667E /* ContentView.swift in Sources */ = {isa = PBXBuildFile; fileRef = 860C726B2839755000AC667E /* ContentView.swift */; };
		860C726E2839755100AC667E /* Assets.xcassets in Resources */ = {isa = PBXBuildFile; fileRef = 860C726D2839755100AC667E /* Assets.xcassets */; };
		860C72712839755100AC667E /* Preview Assets.xcassets in Resources */ = {isa = PBXBuildFile; fileRef = 860C72702839755100AC667E /* Preview Assets.xcassets */; };
		860C727828397DC900AC667E /* Post.swift in Sources */ = {isa = PBXBuildFile; fileRef = 860C727728397DC900AC667E /* Post.swift */; };
		860C727D283980F300AC667E /* NetworkManager.swift in Sources */ = {isa = PBXBuildFile; fileRef = 860C727C283980F300AC667E /* NetworkManager.swift */; };
		860C727F2839834200AC667E /* PostData.swift in Sources */ = {isa = PBXBuildFile; fileRef = 860C727E2839834200AC667E /* PostData.swift */; };
		860C7282283AA60900AC667E /* DetailView.swift in Sources */ = {isa = PBXBuildFile; fileRef = 860C7281283AA60900AC667E /* DetailView.swift */; };
		860C7284283AAA7600AC667E /* WebView.swift in Sources */ = {isa = PBXBuildFile; fileRef = 860C7283283AAA7600AC667E /* WebView.swift */; };
/* End PBXBuildFile section */

/* Begin PBXFileReference section */
		860C72662839755000AC667E /* hackerNews.iOSBootcamp.app */ = {isa = PBXFileReference; explicitFileType = wrapper.application; includeInIndex = 0; path = hackerNews.iOSBootcamp.app; sourceTree = BUILT_PRODUCTS_DIR; };
		860C72692839755000AC667E /* hackerNews_iOSBootcampApp.swift */ = {isa = PBXFileReference; lastKnownFileType = sourcecode.swift; path = hackerNews_iOSBootcampApp.swift; sourceTree = "<group>"; };
		860C726B2839755000AC667E /* ContentView.swift */ = {isa = PBXFileReference; lastKnownFileType = sourcecode.swift; path = ContentView.swift; sourceTree = "<group>"; };
		860C726D2839755100AC667E /* Assets.xcassets */ = {isa = PBXFileReference; lastKnownFileType = folder.assetcatalog; path = Assets.xcassets; sourceTree = "<group>"; };
		860C72702839755100AC667E /* Preview Assets.xcassets */ = {isa = PBXFileReference; lastKnownFileType = folder.assetcatalog; path = "Preview Assets.xcassets"; sourceTree = "<group>"; };
		860C727728397DC900AC667E /* Post.swift */ = {isa = PBXFileReference; lastKnownFileType = sourcecode.swift; path = Post.swift; sourceTree = "<group>"; };
		860C727C283980F300AC667E /* NetworkManager.swift */ = {isa = PBXFileReference; lastKnownFileType = sourcecode.swift; path = NetworkManager.swift; sourceTree = "<group>"; };
		860C727E2839834200AC667E /* PostData.swift */ = {isa = PBXFileReference; lastKnownFileType = sourcecode.swift; path = PostData.swift; sourceTree = "<group>"; };
		860C7281283AA60900AC667E /* DetailView.swift */ = {isa = PBXFileReference; lastKnownFileType = sourcecode.swift; path = DetailView.swift; sourceTree = "<group>"; };
		860C7283283AAA7600AC667E /* WebView.swift */ = {isa = PBXFileReference; lastKnownFileType = sourcecode.swift; path = WebView.swift; sourceTree = "<group>"; };
		860C7285283AB58200AC667E /* hackerNews.iOSBootcamp.entitlements */ = {isa = PBXFileReference; lastKnownFileType = text.plist.entitlements; path = hackerNews.iOSBootcamp.entitlements; sourceTree = "<group>"; };
/* End PBXFileReference section */

/* Begin PBXFrameworksBuildPhase section */
		860C72632839755000AC667E /* Frameworks */ = {
			isa = PBXFrameworksBuildPhase;
			buildActionMask = 2147483647;
			files = (
			);
			runOnlyForDeploymentPostprocessing = 0;
		};
/* End PBXFrameworksBuildPhase section */

/* Begin PBXGroup section */
		860C725D2839755000AC667E = {
			isa = PBXGroup;
			children = (
				860C72682839755000AC667E /* hackerNews.iOSBootcamp */,
				860C72672839755000AC667E /* Products */,
			);
			sourceTree = "<group>";
		};
		860C72672839755000AC667E /* Products */ = {
			isa = PBXGroup;
			children = (
				860C72662839755000AC667E /* hackerNews.iOSBootcamp.app */,
			);
			name = Products;
			sourceTree = "<group>";
		};
		860C72682839755000AC667E /* hackerNews.iOSBootcamp */ = {
			isa = PBXGroup;
			children = (
				860C7285283AB58200AC667E /* hackerNews.iOSBootcamp.entitlements */,
				860C72692839755000AC667E /* hackerNews_iOSBootcampApp.swift */,
				860C7280283AA5DB00AC667E /* View */,
				860C727B2839807700AC667E /* Model */,
				860C726D2839755100AC667E /* Assets.xcassets */,
				860C726F2839755100AC667E /* Preview Content */,
			);
			path = hackerNews.iOSBootcamp;
			sourceTree = "<group>";
		};
		860C726F2839755100AC667E /* Preview Content */ = {
			isa = PBXGroup;
			children = (
				860C72702839755100AC667E /* Preview Assets.xcassets */,
			);
			path = "Preview Content";
			sourceTree = "<group>";
		};
		860C727B2839807700AC667E /* Model */ = {
			isa = PBXGroup;
			children = (
				860C727C283980F300AC667E /* NetworkManager.swift */,
				860C727728397DC900AC667E /* Post.swift */,
				860C727E2839834200AC667E /* PostData.swift */,
			);
			path = Model;
			sourceTree = "<group>";
		};
		860C7280283AA5DB00AC667E /* View */ = {
			isa = PBXGroup;
			children = (
				860C726B2839755000AC667E /* ContentView.swift */,
				860C7281283AA60900AC667E /* DetailView.swift */,
				860C7283283AAA7600AC667E /* WebView.swift */,
			);
			path = View;
			sourceTree = "<group>";
		};
/* End PBXGroup section */

/* Begin PBXNativeTarget section */
		860C72652839755000AC667E /* hackerNews.iOSBootcamp */ = {
			isa = PBXNativeTarget;
			buildConfigurationList = 860C72742839755100AC667E /* Build configuration list for PBXNativeTarget "hackerNews.iOSBootcamp" */;
			buildPhases = (
				860C72622839755000AC667E /* Sources */,
				860C72632839755000AC667E /* Frameworks */,
				860C72642839755000AC667E /* Resources */,
			);
			buildRules = (
			);
			dependencies = (
			);
			name = hackerNews.iOSBootcamp;
			productName = hackerNews.iOSBootcamp;
			productReference = 860C72662839755000AC667E /* hackerNews.iOSBootcamp.app */;
			productType = "com.apple.product-type.application";
		};
/* End PBXNativeTarget section */

/* Begin PBXProject section */
		860C725E2839755000AC667E /* Project object */ = {
			isa = PBXProject;
			attributes = {
				BuildIndependentTargetsInParallel = 1;
				LastSwiftUpdateCheck = 1340;
				LastUpgradeCheck = 1340;
				TargetAttributes = {
					860C72652839755000AC667E = {
						CreatedOnToolsVersion = 13.4;
					};
				};
			};
			buildConfigurationList = 860C72612839755000AC667E /* Build configuration list for PBXProject "hackerNews.iOSBootcamp" */;
			compatibilityVersion = "Xcode 13.0";
			developmentRegion = en;
			hasScannedForEncodings = 0;
			knownRegions = (
				en,
				Base,
			);
			mainGroup = 860C725D2839755000AC667E;
			productRefGroup = 860C72672839755000AC667E /* Products */;
			projectDirPath = "";
			projectRoot = "";
			targets = (
				860C72652839755000AC667E /* hackerNews.iOSBootcamp */,
			);
		};
/* End PBXProject section */

/* Begin PBXResourcesBuildPhase section */
		860C72642839755000AC667E /* Resources */ = {
			isa = PBXResourcesBuildPhase;
			buildActionMask = 2147483647;
			files = (
				860C72712839755100AC667E /* Preview Assets.xcassets in Resources */,
				860C726E2839755100AC667E /* Assets.xcassets in Resources */,
			);
			runOnlyForDeploymentPostprocessing = 0;
		};
/* End PBXResourcesBuildPhase section */

/* Begin PBXSourcesBuildPhase section */
		860C72622839755000AC667E /* Sources */ = {
			isa = PBXSourcesBuildPhase;
			buildActionMask = 2147483647;
			files = (
				860C7284283AAA7600AC667E /* WebView.swift in Sources */,
				860C727F2839834200AC667E /* PostData.swift in Sources */,
				860C726C2839755000AC667E /* ContentView.swift in Sources */,
				860C7282283AA60900AC667E /* DetailView.swift in Sources */,
				860C727D283980F300AC667E /* NetworkManager.swift in Sources */,
				860C727828397DC900AC667E /* Post.swift in Sources */,
				860C726A2839755000AC667E /* hackerNews_iOSBootcampApp.swift in Sources */,
			);
			runOnlyForDeploymentPostprocessing = 0;
		};
/* End PBXSourcesBuildPhase section */

/* Begin XCBuildConfiguration section */
		860C72722839755100AC667E /* Debug */ = {
			isa = XCBuildConfiguration;
			buildSettings = {
				ALWAYS_SEARCH_USER_PATHS = NO;
				CLANG_ANALYZER_NONNULL = YES;
				CLANG_ANALYZER_NUMBER_OBJECT_CONVERSION = YES_AGGRESSIVE;
				CLANG_CXX_LANGUAGE_STANDARD = "gnu++17";
				CLANG_ENABLE_MODULES = YES;
				CLANG_ENABLE_OBJC_ARC = YES;
				CLANG_ENABLE_OBJC_WEAK = YES;
				CLANG_WARN_BLOCK_CAPTURE_AUTORELEASING = YES;
				CLANG_WARN_BOOL_CONVERSION = YES;
				CLANG_WARN_COMMA = YES;
				CLANG_WARN_CONSTANT_CONVERSION = YES;
				CLANG_WARN_DEPRECATED_OBJC_IMPLEMENTATIONS = YES;
				CLANG_WARN_DIRECT_OBJC_ISA_USAGE = YES_ERROR;
				CLANG_WARN_DOCUMENTATION_COMMENTS = YES;
				CLANG_WARN_EMPTY_BODY = YES;
				CLANG_WARN_ENUM_CONVERSION = YES;
				CLANG_WARN_INFINITE_RECURSION = YES;
				CLANG_WARN_INT_CONVERSION = YES;
				CLANG_WARN_NON_LITERAL_NULL_CONVERSION = YES;
				CLANG_WARN_OBJC_IMPLICIT_RETAIN_SELF = YES;
				CLANG_WARN_OBJC_LITERAL_CONVERSION = YES;
				CLANG_WARN_OBJC_ROOT_CLASS = YES_ERROR;
				CLANG_WARN_QUOTED_INCLUDE_IN_FRAMEWORK_HEADER = YES;
				CLANG_WARN_RANGE_LOOP_ANALYSIS = YES;
				CLANG_WARN_STRICT_PROTOTYPES = YES;
				CLANG_WARN_SUSPICIOUS_MOVE = YES;
				CLANG_WARN_UNGUARDED_AVAILABILITY = YES_AGGRESSIVE;
				CLANG_WARN_UNREACHABLE_CODE = YES;
				CLANG_WARN__DUPLICATE_METHOD_MATCH = YES;
				COPY_PHASE_STRIP = NO;
				DEBUG_INFORMATION_FORMAT = dwarf;
				ENABLE_STRICT_OBJC_MSGSEND = YES;
				ENABLE_TESTABILITY = YES;
				GCC_C_LANGUAGE_STANDARD = gnu11;
				GCC_DYNAMIC_NO_PIC = NO;
				GCC_NO_COMMON_BLOCKS = YES;
				GCC_OPTIMIZATION_LEVEL = 0;
				GCC_PREPROCESSOR_DEFINITIONS = (
					"DEBUG=1",
					"$(inherited)",
				);
				GCC_WARN_64_TO_32_BIT_CONVERSION = YES;
				GCC_WARN_ABOUT_RETURN_TYPE = YES_ERROR;
				GCC_WARN_UNDECLARED_SELECTOR = YES;
				GCC_WARN_UNINITIALIZED_AUTOS = YES_AGGRESSIVE;
				GCC_WARN_UNUSED_FUNCTION = YES;
				GCC_WARN_UNUSED_VARIABLE = YES;
				IPHONEOS_DEPLOYMENT_TARGET = 15.5;
				MTL_ENABLE_DEBUG_INFO = INCLUDE_SOURCE;
				MTL_FAST_MATH = YES;
				ONLY_ACTIVE_ARCH = YES;
				SDKROOT = iphoneos;
				SWIFT_ACTIVE_COMPILATION_CONDITIONS = DEBUG;
				SWIFT_OPTIMIZATION_LEVEL = "-Onone";
			};
			name = Debug;
		};
		860C72732839755100AC667E /* Release */ = {
			isa = XCBuildConfiguration;
			buildSettings = {
				ALWAYS_SEARCH_USER_PATHS = NO;
				CLANG_ANALYZER_NONNULL = YES;
				CLANG_ANALYZER_NUMBER_OBJECT_CONVERSION = YES_AGGRESSIVE;
				CLANG_CXX_LANGUAGE_STANDARD = "gnu++17";
				CLANG_ENABLE_MODULES = YES;
				CLANG_ENABLE_OBJC_ARC = YES;
				CLANG_ENABLE_OBJC_WEAK = YES;
				CLANG_WARN_BLOCK_CAPTURE_AUTORELEASING = YES;
				CLANG_WARN_BOOL_CONVERSION = YES;
				CLANG_WARN_COMMA = YES;
				CLANG_WARN_CONSTANT_CONVERSION = YES;
				CLANG_WARN_DEPRECATED_OBJC_IMPLEMENTATIONS = YES;
				CLANG_WARN_DIRECT_OBJC_ISA_USAGE = YES_ERROR;
				CLANG_WARN_DOCUMENTATION_COMMENTS = YES;
				CLANG_WARN_EMPTY_BODY = YES;
				CLANG_WARN_ENUM_CONVERSION = YES;
				CLANG_WARN_INFINITE_RECURSION = YES;
				CLANG_WARN_INT_CONVERSION = YES;
				CLANG_WARN_NON_LITERAL_NULL_CONVERSION = YES;
				CLANG_WARN_OBJC_IMPLICIT_RETAIN_SELF = YES;
				CLANG_WARN_OBJC_LITERAL_CONVERSION = YES;
				CLANG_WARN_OBJC_ROOT_CLASS = YES_ERROR;
				CLANG_WARN_QUOTED_INCLUDE_IN_FRAMEWORK_HEADER = YES;
				CLANG_WARN_RANGE_LOOP_ANALYSIS = YES;
				CLANG_WARN_STRICT_PROTOTYPES = YES;
				CLANG_WARN_SUSPICIOUS_MOVE = YES;
				CLANG_WARN_UNGUARDED_AVAILABILITY = YES_AGGRESSIVE;
				CLANG_WARN_UNREACHABLE_CODE = YES;
				CLANG_WARN__DUPLICATE_METHOD_MATCH = YES;
				COPY_PHASE_STRIP = NO;
				DEBUG_INFORMATION_FORMAT = "dwarf-with-dsym";
				ENABLE_NS_ASSERTIONS = NO;
				ENABLE_STRICT_OBJC_MSGSEND = YES;
				GCC_C_LANGUAGE_STANDARD = gnu11;
				GCC_NO_COMMON_BLOCKS = YES;
				GCC_WARN_64_TO_32_BIT_CONVERSION = YES;
				GCC_WARN_ABOUT_RETURN_TYPE = YES_ERROR;
				GCC_WARN_UNDECLARED_SELECTOR = YES;
				GCC_WARN_UNINITIALIZED_AUTOS = YES_AGGRESSIVE;
				GCC_WARN_UNUSED_FUNCTION = YES;
				GCC_WARN_UNUSED_VARIABLE = YES;
				IPHONEOS_DEPLOYMENT_TARGET = 15.5;
				MTL_ENABLE_DEBUG_INFO = NO;
				MTL_FAST_MATH = YES;
				SDKROOT = iphoneos;
				SWIFT_COMPILATION_MODE = wholemodule;
				SWIFT_OPTIMIZATION_LEVEL = "-O";
				VALIDATE_PRODUCT = YES;
			};
			name = Release;
		};
		860C72752839755100AC667E /* Debug */ = {
			isa = XCBuildConfiguration;
			buildSettings = {
				ASSETCATALOG_COMPILER_APPICON_NAME = AppIcon;
				ASSETCATALOG_COMPILER_GLOBAL_ACCENT_COLOR_NAME = AccentColor;
				CODE_SIGN_ENTITLEMENTS = hackerNews.iOSBootcamp/hackerNews.iOSBootcamp.entitlements;
				"CODE_SIGN_IDENTITY[sdk=macosx*]" = "Apple Development";
				CODE_SIGN_STYLE = Automatic;
				CURRENT_PROJECT_VERSION = 1;
				DEVELOPMENT_ASSET_PATHS = "\"hackerNews.iOSBootcamp/Preview Content\"";
				DEVELOPMENT_TEAM = 4WQFD456R9;
				ENABLE_PREVIEWS = YES;
				GENERATE_INFOPLIST_FILE = YES;
				INFOPLIST_KEY_UIApplicationSceneManifest_Generation = YES;
				INFOPLIST_KEY_UIApplicationSupportsIndirectInputEvents = YES;
				INFOPLIST_KEY_UILaunchScreen_Generation = YES;
				INFOPLIST_KEY_UISupportedInterfaceOrientations_iPad = "UIInterfaceOrientationPortrait UIInterfaceOrientationPortraitUpsideDown UIInterfaceOrientationLandscapeLeft UIInterfaceOrientationLandscapeRight";
				INFOPLIST_KEY_UISupportedInterfaceOrientations_iPhone = "UIInterfaceOrientationPortrait UIInterfaceOrientationLandscapeLeft UIInterfaceOrientationLandscapeRight";
				LD_RUNPATH_SEARCH_PATHS = (
					"$(inherited)",
					"@executable_path/Frameworks",
				);
				MARKETING_VERSION = 1.0;
				PRODUCT_BUNDLE_IDENTIFIER = IliaByHimself.hackerNews.iOSBootcamp;
				PRODUCT_NAME = "$(TARGET_NAME)";
				SUPPORTS_MACCATALYST = YES;
				SWIFT_EMIT_LOC_STRINGS = YES;
				SWIFT_VERSION = 5.0;
				TARGETED_DEVICE_FAMILY = "1,2";
			};
			name = Debug;
		};
		860C72762839755100AC667E /* Release */ = {
			isa = XCBuildConfiguration;
			buildSettings = {
				ASSETCATALOG_COMPILER_APPICON_NAME = AppIcon;
				ASSETCATALOG_COMPILER_GLOBAL_ACCENT_COLOR_NAME = AccentColor;
				CODE_SIGN_ENTITLEMENTS = hackerNews.iOSBootcamp/hackerNews.iOSBootcamp.entitlements;
				"CODE_SIGN_IDENTITY[sdk=macosx*]" = "Apple Development";
				CODE_SIGN_STYLE = Automatic;
				CURRENT_PROJECT_VERSION = 1;
				DEVELOPMENT_ASSET_PATHS = "\"hackerNews.iOSBootcamp/Preview Content\"";
				DEVELOPMENT_TEAM = 4WQFD456R9;
				ENABLE_PREVIEWS = YES;
				GENERATE_INFOPLIST_FILE = YES;
				INFOPLIST_KEY_UIApplicationSceneManifest_Generation = YES;
				INFOPLIST_KEY_UIApplicationSupportsIndirectInputEvents = YES;
				INFOPLIST_KEY_UILaunchScreen_Generation = YES;
				INFOPLIST_KEY_UISupportedInterfaceOrientations_iPad = "UIInterfaceOrientationPortrait UIInterfaceOrientationPortraitUpsideDown UIInterfaceOrientationLandscapeLeft UIInterfaceOrientationLandscapeRight";
				INFOPLIST_KEY_UISupportedInterfaceOrientations_iPhone = "UIInterfaceOrientationPortrait UIInterfaceOrientationLandscapeLeft UIInterfaceOrientationLandscapeRight";
				LD_RUNPATH_SEARCH_PATHS = (
					"$(inherited)",
					"@executable_path/Frameworks",
				);
				MARKETING_VERSION = 1.0;
				PRODUCT_BUNDLE_IDENTIFIER = IliaByHimself.hackerNews.iOSBootcamp;
				PRODUCT_NAME = "$(TARGET_NAME)";
				SUPPORTS_MACCATALYST = YES;
				SWIFT_EMIT_LOC_STRINGS = YES;
				SWIFT_VERSION = 5.0;
				TARGETED_DEVICE_FAMILY = "1,2";
			};
			name = Release;
		};
/* End XCBuildConfiguration section */

/* Begin XCConfigurationList section */
		860C72612839755000AC667E /* Build configuration list for PBXProject "hackerNews.iOSBootcamp" */ = {
			isa = XCConfigurationList;
			buildConfigurations = (
				860C72722839755100AC667E /* Debug */,
				860C72732839755100AC667E /* Release */,
			);
			defaultConfigurationIsVisible = 0;
			defaultConfigurationName = Release;
		};
		860C72742839755100AC667E /* Build configuration list for PBXNativeTarget "hackerNews.iOSBootcamp" */ = {
			isa = XCConfigurationList;
			buildConfigurations = (
				860C72752839755100AC667E /* Debug */,
				860C72762839755100AC667E /* Release */,
			);
			defaultConfigurationIsVisible = 0;
			defaultConfigurationName = Release;
		};
/* End XCConfigurationList section */
	};
	rootObject = 860C725E2839755000AC667E /* Project object */;
}
